// !$*UTF8*$!
{
	archiveVersion = 1;
	classes = {
	};
	objectVersion = 50;
	objects = {

/* Begin PBXBuildFile section */
		46368E65E7926D23B32461D1 /* Pods_flixTests.framework in Frameworks */ = {isa = PBXBuildFile; fileRef = B435935D8C5CF07E893853CB /* Pods_flixTests.framework */; };
		91E36EBC2349A7AC671A09C0 /* Pods_flix_flixUITests.framework in Frameworks */ = {isa = PBXBuildFile; fileRef = FEA42DE58D62DDB714A25E5E /* Pods_flix_flixUITests.framework */; };
		BBD4720A253E516F00D48BDA /* AppDelegate.swift in Sources */ = {isa = PBXBuildFile; fileRef = BBD47209253E516F00D48BDA /* AppDelegate.swift */; };
		BBD4720C253E516F00D48BDA /* SceneDelegate.swift in Sources */ = {isa = PBXBuildFile; fileRef = BBD4720B253E516F00D48BDA /* SceneDelegate.swift */; };
		BBD47213253E517600D48BDA /* Assets.xcassets in Resources */ = {isa = PBXBuildFile; fileRef = BBD47212253E517600D48BDA /* Assets.xcassets */; };
		BBD47216253E517600D48BDA /* LaunchScreen.storyboard in Resources */ = {isa = PBXBuildFile; fileRef = BBD47214253E517600D48BDA /* LaunchScreen.storyboard */; };
		BBD47221253E517600D48BDA /* flixTests.swift in Sources */ = {isa = PBXBuildFile; fileRef = BBD47220253E517600D48BDA /* flixTests.swift */; };
		BBD4722C253E517600D48BDA /* flixUITests.swift in Sources */ = {isa = PBXBuildFile; fileRef = BBD4722B253E517600D48BDA /* flixUITests.swift */; };
		BBD4723A253E549600D48BDA /* MovieViewController.swift in Sources */ = {isa = PBXBuildFile; fileRef = BBD47239253E549600D48BDA /* MovieViewController.swift */; };
		BBD4723D253E57BB00D48BDA /* Main.storyboard in Resources */ = {isa = PBXBuildFile; fileRef = BBD4723B253E57BB00D48BDA /* Main.storyboard */; };
		BBD47241253E62AE00D48BDA /* MovieCell.swift in Sources */ = {isa = PBXBuildFile; fileRef = BBD47240253E62AD00D48BDA /* MovieCell.swift */; };
		CE278162DEE96F30DAE2F850 /* Pods_flix.framework in Frameworks */ = {isa = PBXBuildFile; fileRef = 0A9BEEB616B89E68B5044C99 /* Pods_flix.framework */; };
/* End PBXBuildFile section */

/* Begin PBXContainerItemProxy section */
		BBD4721D253E517600D48BDA /* PBXContainerItemProxy */ = {
			isa = PBXContainerItemProxy;
			containerPortal = BBD471FE253E516F00D48BDA /* Project object */;
			proxyType = 1;
			remoteGlobalIDString = BBD47205253E516F00D48BDA;
			remoteInfo = flix;
		};
		BBD47228253E517600D48BDA /* PBXContainerItemProxy */ = {
			isa = PBXContainerItemProxy;
			containerPortal = BBD471FE253E516F00D48BDA /* Project object */;
			proxyType = 1;
			remoteGlobalIDString = BBD47205253E516F00D48BDA;
			remoteInfo = flix;
		};
/* End PBXContainerItemProxy section */

/* Begin PBXFileReference section */
		0A9BEEB616B89E68B5044C99 /* Pods_flix.framework */ = {isa = PBXFileReference; explicitFileType = wrapper.framework; includeInIndex = 0; path = Pods_flix.framework; sourceTree = BUILT_PRODUCTS_DIR; };
		1B2873ED90A6D42FB15AB54A /* Pods-flixTests.release.xcconfig */ = {isa = PBXFileReference; includeInIndex = 1; lastKnownFileType = text.xcconfig; name = "Pods-flixTests.release.xcconfig"; path = "Target Support Files/Pods-flixTests/Pods-flixTests.release.xcconfig"; sourceTree = "<group>"; };
		2357099AF03BB5A5BA4DEC11 /* Pods-flix-flixUITests.debug.xcconfig */ = {isa = PBXFileReference; includeInIndex = 1; lastKnownFileType = text.xcconfig; name = "Pods-flix-flixUITests.debug.xcconfig"; path = "Target Support Files/Pods-flix-flixUITests/Pods-flix-flixUITests.debug.xcconfig"; sourceTree = "<group>"; };
		43752566189F35FC14F06CA3 /* Pods-flix-flixUITests.release.xcconfig */ = {isa = PBXFileReference; includeInIndex = 1; lastKnownFileType = text.xcconfig; name = "Pods-flix-flixUITests.release.xcconfig"; path = "Target Support Files/Pods-flix-flixUITests/Pods-flix-flixUITests.release.xcconfig"; sourceTree = "<group>"; };
		5F65B522527AE8C0898C37EF /* Pods-flixTests.debug.xcconfig */ = {isa = PBXFileReference; includeInIndex = 1; lastKnownFileType = text.xcconfig; name = "Pods-flixTests.debug.xcconfig"; path = "Target Support Files/Pods-flixTests/Pods-flixTests.debug.xcconfig"; sourceTree = "<group>"; };
		681FDCD3C2E74AE0881B8FA5 /* Pods-flix.debug.xcconfig */ = {isa = PBXFileReference; includeInIndex = 1; lastKnownFileType = text.xcconfig; name = "Pods-flix.debug.xcconfig"; path = "Target Support Files/Pods-flix/Pods-flix.debug.xcconfig"; sourceTree = "<group>"; };
		910AACD790B479C130C6001F /* Pods-flix.release.xcconfig */ = {isa = PBXFileReference; includeInIndex = 1; lastKnownFileType = text.xcconfig; name = "Pods-flix.release.xcconfig"; path = "Target Support Files/Pods-flix/Pods-flix.release.xcconfig"; sourceTree = "<group>"; };
		B435935D8C5CF07E893853CB /* Pods_flixTests.framework */ = {isa = PBXFileReference; explicitFileType = wrapper.framework; includeInIndex = 0; path = Pods_flixTests.framework; sourceTree = BUILT_PRODUCTS_DIR; };
		BBD47206253E516F00D48BDA /* flix.app */ = {isa = PBXFileReference; explicitFileType = wrapper.application; includeInIndex = 0; path = flix.app; sourceTree = BUILT_PRODUCTS_DIR; };
		BBD47209253E516F00D48BDA /* AppDelegate.swift */ = {isa = PBXFileReference; lastKnownFileType = sourcecode.swift; path = AppDelegate.swift; sourceTree = "<group>"; };
		BBD4720B253E516F00D48BDA /* SceneDelegate.swift */ = {isa = PBXFileReference; lastKnownFileType = sourcecode.swift; path = SceneDelegate.swift; sourceTree = "<group>"; };
		BBD47212253E517600D48BDA /* Assets.xcassets */ = {isa = PBXFileReference; lastKnownFileType = folder.assetcatalog; path = Assets.xcassets; sourceTree = "<group>"; };
		BBD47215253E517600D48BDA /* Base */ = {isa = PBXFileReference; lastKnownFileType = file.storyboard; name = Base; path = Base.lproj/LaunchScreen.storyboard; sourceTree = "<group>"; };
		BBD47217253E517600D48BDA /* Info.plist */ = {isa = PBXFileReference; lastKnownFileType = text.plist.xml; path = Info.plist; sourceTree = "<group>"; };
		BBD4721C253E517600D48BDA /* flixTests.xctest */ = {isa = PBXFileReference; explicitFileType = wrapper.cfbundle; includeInIndex = 0; path = flixTests.xctest; sourceTree = BUILT_PRODUCTS_DIR; };
		BBD47220253E517600D48BDA /* flixTests.swift */ = {isa = PBXFileReference; lastKnownFileType = sourcecode.swift; path = flixTests.swift; sourceTree = "<group>"; };
		BBD47222253E517600D48BDA /* Info.plist */ = {isa = PBXFileReference; lastKnownFileType = text.plist.xml; path = Info.plist; sourceTree = "<group>"; };
		BBD47227253E517600D48BDA /* flixUITests.xctest */ = {isa = PBXFileReference; explicitFileType = wrapper.cfbundle; includeInIndex = 0; path = flixUITests.xctest; sourceTree = BUILT_PRODUCTS_DIR; };
		BBD4722B253E517600D48BDA /* flixUITests.swift */ = {isa = PBXFileReference; lastKnownFileType = sourcecode.swift; path = flixUITests.swift; sourceTree = "<group>"; };
		BBD4722D253E517600D48BDA /* Info.plist */ = {isa = PBXFileReference; lastKnownFileType = text.plist.xml; path = Info.plist; sourceTree = "<group>"; };
		BBD47239253E549600D48BDA /* MovieViewController.swift */ = {isa = PBXFileReference; lastKnownFileType = sourcecode.swift; path = MovieViewController.swift; sourceTree = "<group>"; };
		BBD4723C253E57BB00D48BDA /* Base */ = {isa = PBXFileReference; lastKnownFileType = file.storyboard; name = Base; path = Base.lproj/Main.storyboard; sourceTree = "<group>"; };
		BBD47240253E62AD00D48BDA /* MovieCell.swift */ = {isa = PBXFileReference; fileEncoding = 4; lastKnownFileType = sourcecode.swift; path = MovieCell.swift; sourceTree = "<group>"; };
		FEA42DE58D62DDB714A25E5E /* Pods_flix_flixUITests.framework */ = {isa = PBXFileReference; explicitFileType = wrapper.framework; includeInIndex = 0; path = Pods_flix_flixUITests.framework; sourceTree = BUILT_PRODUCTS_DIR; };
/* End PBXFileReference section */

/* Begin PBXFrameworksBuildPhase section */
		BBD47203253E516F00D48BDA /* Frameworks */ = {
			isa = PBXFrameworksBuildPhase;
			buildActionMask = 2147483647;
			files = (
				CE278162DEE96F30DAE2F850 /* Pods_flix.framework in Frameworks */,
			);
			runOnlyForDeploymentPostprocessing = 0;
		};
		BBD47219253E517600D48BDA /* Frameworks */ = {
			isa = PBXFrameworksBuildPhase;
			buildActionMask = 2147483647;
			files = (
				46368E65E7926D23B32461D1 /* Pods_flixTests.framework in Frameworks */,
			);
			runOnlyForDeploymentPostprocessing = 0;
		};
		BBD47224253E517600D48BDA /* Frameworks */ = {
			isa = PBXFrameworksBuildPhase;
			buildActionMask = 2147483647;
			files = (
				91E36EBC2349A7AC671A09C0 /* Pods_flix_flixUITests.framework in Frameworks */,
			);
			runOnlyForDeploymentPostprocessing = 0;
		};
/* End PBXFrameworksBuildPhase section */

/* Begin PBXGroup section */
		68F344913EB2A3DFE8706E69 /* Frameworks */ = {
			isa = PBXGroup;
			children = (
				0A9BEEB616B89E68B5044C99 /* Pods_flix.framework */,
				FEA42DE58D62DDB714A25E5E /* Pods_flix_flixUITests.framework */,
				B435935D8C5CF07E893853CB /* Pods_flixTests.framework */,
			);
			name = Frameworks;
			sourceTree = "<group>";
		};
		A51A85BE1CD67AA7A658A4E9 /* Pods */ = {
			isa = PBXGroup;
			children = (
				681FDCD3C2E74AE0881B8FA5 /* Pods-flix.debug.xcconfig */,
				910AACD790B479C130C6001F /* Pods-flix.release.xcconfig */,
				2357099AF03BB5A5BA4DEC11 /* Pods-flix-flixUITests.debug.xcconfig */,
				43752566189F35FC14F06CA3 /* Pods-flix-flixUITests.release.xcconfig */,
				5F65B522527AE8C0898C37EF /* Pods-flixTests.debug.xcconfig */,
				1B2873ED90A6D42FB15AB54A /* Pods-flixTests.release.xcconfig */,
			);
			name = Pods;
			path = Pods;
			sourceTree = "<group>";
		};
		BBD471FD253E516F00D48BDA = {
			isa = PBXGroup;
			children = (
				BBD47208253E516F00D48BDA /* flix */,
				BBD4721F253E517600D48BDA /* flixTests */,
				BBD4722A253E517600D48BDA /* flixUITests */,
				BBD47207253E516F00D48BDA /* Products */,
				A51A85BE1CD67AA7A658A4E9 /* Pods */,
				68F344913EB2A3DFE8706E69 /* Frameworks */,
			);
			sourceTree = "<group>";
		};
		BBD47207253E516F00D48BDA /* Products */ = {
			isa = PBXGroup;
			children = (
				BBD47206253E516F00D48BDA /* flix.app */,
				BBD4721C253E517600D48BDA /* flixTests.xctest */,
				BBD47227253E517600D48BDA /* flixUITests.xctest */,
			);
			name = Products;
			sourceTree = "<group>";
		};
		BBD47208253E516F00D48BDA /* flix */ = {
			isa = PBXGroup;
			children = (
				BBD47209253E516F00D48BDA /* AppDelegate.swift */,
				BBD4720B253E516F00D48BDA /* SceneDelegate.swift */,
				BBD47212253E517600D48BDA /* Assets.xcassets */,
				BBD4723B253E57BB00D48BDA /* Main.storyboard */,
				BBD47214253E517600D48BDA /* LaunchScreen.storyboard */,
				BBD47240253E62AD00D48BDA /* MovieCell.swift */,
				BBD47217253E517600D48BDA /* Info.plist */,
				BBD47239253E549600D48BDA /* MovieViewController.swift */,
			);
			path = flix;
			sourceTree = "<group>";
		};
		BBD4721F253E517600D48BDA /* flixTests */ = {
			isa = PBXGroup;
			children = (
				BBD47220253E517600D48BDA /* flixTests.swift */,
				BBD47222253E517600D48BDA /* Info.plist */,
			);
			path = flixTests;
			sourceTree = "<group>";
		};
		BBD4722A253E517600D48BDA /* flixUITests */ = {
			isa = PBXGroup;
			children = (
				BBD4722B253E517600D48BDA /* flixUITests.swift */,
				BBD4722D253E517600D48BDA /* Info.plist */,
			);
			path = flixUITests;
			sourceTree = "<group>";
		};
/* End PBXGroup section */

/* Begin PBXNativeTarget section */
		BBD47205253E516F00D48BDA /* flix */ = {
			isa = PBXNativeTarget;
			buildConfigurationList = BBD47230253E517600D48BDA /* Build configuration list for PBXNativeTarget "flix" */;
			buildPhases = (
				A79F7C88E470BC31318012FE /* [CP] Check Pods Manifest.lock */,
				BBD47202253E516F00D48BDA /* Sources */,
				BBD47203253E516F00D48BDA /* Frameworks */,
				BBD47204253E516F00D48BDA /* Resources */,
				0C19BCA06C35EA728B5544CB /* [CP] Embed Pods Frameworks */,
			);
			buildRules = (
			);
			dependencies = (
			);
			name = flix;
			productName = flix;
			productReference = BBD47206253E516F00D48BDA /* flix.app */;
			productType = "com.apple.product-type.application";
		};
		BBD4721B253E517600D48BDA /* flixTests */ = {
			isa = PBXNativeTarget;
			buildConfigurationList = BBD47233253E517600D48BDA /* Build configuration list for PBXNativeTarget "flixTests" */;
			buildPhases = (
				8BF7FCE9ED9B5E3EC97917B2 /* [CP] Check Pods Manifest.lock */,
				BBD47218253E517600D48BDA /* Sources */,
				BBD47219253E517600D48BDA /* Frameworks */,
				BBD4721A253E517600D48BDA /* Resources */,
			);
			buildRules = (
			);
			dependencies = (
				BBD4721E253E517600D48BDA /* PBXTargetDependency */,
			);
			name = flixTests;
			productName = flixTests;
			productReference = BBD4721C253E517600D48BDA /* flixTests.xctest */;
			productType = "com.apple.product-type.bundle.unit-test";
		};
		BBD47226253E517600D48BDA /* flixUITests */ = {
			isa = PBXNativeTarget;
			buildConfigurationList = BBD47236253E517600D48BDA /* Build configuration list for PBXNativeTarget "flixUITests" */;
			buildPhases = (
				195D3B2C83040F032EB80DFE /* [CP] Check Pods Manifest.lock */,
				BBD47223253E517600D48BDA /* Sources */,
				BBD47224253E517600D48BDA /* Frameworks */,
				BBD47225253E517600D48BDA /* Resources */,
				3A73DCBF90A9D6E20BAD556A /* [CP] Embed Pods Frameworks */,
			);
			buildRules = (
			);
			dependencies = (
				BBD47229253E517600D48BDA /* PBXTargetDependency */,
			);
			name = flixUITests;
			productName = flixUITests;
			productReference = BBD47227253E517600D48BDA /* flixUITests.xctest */;
			productType = "com.apple.product-type.bundle.ui-testing";
		};
/* End PBXNativeTarget section */

/* Begin PBXProject section */
		BBD471FE253E516F00D48BDA /* Project object */ = {
			isa = PBXProject;
			attributes = {
				LastSwiftUpdateCheck = 1170;
				LastUpgradeCheck = 1170;
				ORGANIZATIONNAME = "Eric Nguyen";
				TargetAttributes = {
					BBD47205253E516F00D48BDA = {
						CreatedOnToolsVersion = 11.7;
					};
					BBD4721B253E517600D48BDA = {
						CreatedOnToolsVersion = 11.7;
						TestTargetID = BBD47205253E516F00D48BDA;
					};
					BBD47226253E517600D48BDA = {
						CreatedOnToolsVersion = 11.7;
						TestTargetID = BBD47205253E516F00D48BDA;
					};
				};
			};
			buildConfigurationList = BBD47201253E516F00D48BDA /* Build configuration list for PBXProject "flix" */;
			compatibilityVersion = "Xcode 9.3";
			developmentRegion = en;
			hasScannedForEncodings = 0;
			knownRegions = (
				en,
				Base,
			);
			mainGroup = BBD471FD253E516F00D48BDA;
			productRefGroup = BBD47207253E516F00D48BDA /* Products */;
			projectDirPath = "";
			projectRoot = "";
			targets = (
				BBD47205253E516F00D48BDA /* flix */,
				BBD4721B253E517600D48BDA /* flixTests */,
				BBD47226253E517600D48BDA /* flixUITests */,
			);
		};
/* End PBXProject section */

/* Begin PBXResourcesBuildPhase section */
		BBD47204253E516F00D48BDA /* Resources */ = {
			isa = PBXResourcesBuildPhase;
			buildActionMask = 2147483647;
			files = (
				BBD4723D253E57BB00D48BDA /* Main.storyboard in Resources */,
				BBD47216253E517600D48BDA /* LaunchScreen.storyboard in Resources */,
				BBD47213253E517600D48BDA /* Assets.xcassets in Resources */,
			);
			runOnlyForDeploymentPostprocessing = 0;
		};
		BBD4721A253E517600D48BDA /* Resources */ = {
			isa = PBXResourcesBuildPhase;
			buildActionMask = 2147483647;
			files = (
			);
			runOnlyForDeploymentPostprocessing = 0;
		};
		BBD47225253E517600D48BDA /* Resources */ = {
			isa = PBXResourcesBuildPhase;
			buildActionMask = 2147483647;
			files = (
			);
			runOnlyForDeploymentPostprocessing = 0;
		};
/* End PBXResourcesBuildPhase section */

/* Begin PBXShellScriptBuildPhase section */
		0C19BCA06C35EA728B5544CB /* [CP] Embed Pods Frameworks */ = {
			isa = PBXShellScriptBuildPhase;
			buildActionMask = 2147483647;
			files = (
			);
			inputFileListPaths = (
				"${PODS_ROOT}/Target Support Files/Pods-flix/Pods-flix-frameworks-${CONFIGURATION}-input-files.xcfilelist",
			);
			name = "[CP] Embed Pods Frameworks";
			outputFileListPaths = (
				"${PODS_ROOT}/Target Support Files/Pods-flix/Pods-flix-frameworks-${CONFIGURATION}-output-files.xcfilelist",
			);
			runOnlyForDeploymentPostprocessing = 0;
			shellPath = /bin/sh;
			shellScript = "\"${PODS_ROOT}/Target Support Files/Pods-flix/Pods-flix-frameworks.sh\"\n";
			showEnvVarsInLog = 0;
		};
		195D3B2C83040F032EB80DFE /* [CP] Check Pods Manifest.lock */ = {
			isa = PBXShellScriptBuildPhase;
			buildActionMask = 2147483647;
			files = (
			);
			inputFileListPaths = (
			);
			inputPaths = (
				"${PODS_PODFILE_DIR_PATH}/Podfile.lock",
				"${PODS_ROOT}/Manifest.lock",
			);
			name = "[CP] Check Pods Manifest.lock";
			outputFileListPaths = (
			);
			outputPaths = (
				"$(DERIVED_FILE_DIR)/Pods-flix-flixUITests-checkManifestLockResult.txt",
			);
			runOnlyForDeploymentPostprocessing = 0;
			shellPath = /bin/sh;
			shellScript = "diff \"${PODS_PODFILE_DIR_PATH}/Podfile.lock\" \"${PODS_ROOT}/Manifest.lock\" > /dev/null\nif [ $? != 0 ] ; then\n    # print error to STDERR\n    echo \"error: The sandbox is not in sync with the Podfile.lock. Run 'pod install' or update your CocoaPods installation.\" >&2\n    exit 1\nfi\n# This output is used by Xcode 'outputs' to avoid re-running this script phase.\necho \"SUCCESS\" > \"${SCRIPT_OUTPUT_FILE_0}\"\n";
			showEnvVarsInLog = 0;
		};
		3A73DCBF90A9D6E20BAD556A /* [CP] Embed Pods Frameworks */ = {
			isa = PBXShellScriptBuildPhase;
			buildActionMask = 2147483647;
			files = (
			);
			inputFileListPaths = (
				"${PODS_ROOT}/Target Support Files/Pods-flix-flixUITests/Pods-flix-flixUITests-frameworks-${CONFIGURATION}-input-files.xcfilelist",
			);
			name = "[CP] Embed Pods Frameworks";
			outputFileListPaths = (
				"${PODS_ROOT}/Target Support Files/Pods-flix-flixUITests/Pods-flix-flixUITests-frameworks-${CONFIGURATION}-output-files.xcfilelist",
			);
			runOnlyForDeploymentPostprocessing = 0;
			shellPath = /bin/sh;
			shellScript = "\"${PODS_ROOT}/Target Support Files/Pods-flix-flixUITests/Pods-flix-flixUITests-frameworks.sh\"\n";
			showEnvVarsInLog = 0;
		};
		8BF7FCE9ED9B5E3EC97917B2 /* [CP] Check Pods Manifest.lock */ = {
			isa = PBXShellScriptBuildPhase;
			buildActionMask = 2147483647;
			files = (
			);
			inputFileListPaths = (
			);
			inputPaths = (
				"${PODS_PODFILE_DIR_PATH}/Podfile.lock",
				"${PODS_ROOT}/Manifest.lock",
			);
			name = "[CP] Check Pods Manifest.lock";
			outputFileListPaths = (
			);
			outputPaths = (
				"$(DERIVED_FILE_DIR)/Pods-flixTests-checkManifestLockResult.txt",
			);
			runOnlyForDeploymentPostprocessing = 0;
			shellPath = /bin/sh;
			shellScript = "diff \"${PODS_PODFILE_DIR_PATH}/Podfile.lock\" \"${PODS_ROOT}/Manifest.lock\" > /dev/null\nif [ $? != 0 ] ; then\n    # print error to STDERR\n    echo \"error: The sandbox is not in sync with the Podfile.lock. Run 'pod install' or update your CocoaPods installation.\" >&2\n    exit 1\nfi\n# This output is used by Xcode 'outputs' to avoid re-running this script phase.\necho \"SUCCESS\" > \"${SCRIPT_OUTPUT_FILE_0}\"\n";
			showEnvVarsInLog = 0;
		};
		A79F7C88E470BC31318012FE /* [CP] Check Pods Manifest.lock */ = {
			isa = PBXShellScriptBuildPhase;
			buildActionMask = 2147483647;
			files = (
			);
			inputFileListPaths = (
			);
			inputPaths = (
				"${PODS_PODFILE_DIR_PATH}/Podfile.lock",
				"${PODS_ROOT}/Manifest.lock",
			);
			name = "[CP] Check Pods Manifest.lock";
			outputFileListPaths = (
			);
			outputPaths = (
				"$(DERIVED_FILE_DIR)/Pods-flix-checkManifestLockResult.txt",
			);
			runOnlyForDeploymentPostprocessing = 0;
			shellPath = /bin/sh;
			shellScript = "diff \"${PODS_PODFILE_DIR_PATH}/Podfile.lock\" \"${PODS_ROOT}/Manifest.lock\" > /dev/null\nif [ $? != 0 ] ; then\n    # print error to STDERR\n    echo \"error: The sandbox is not in sync with the Podfile.lock. Run 'pod install' or update your CocoaPods installation.\" >&2\n    exit 1\nfi\n# This output is used by Xcode 'outputs' to avoid re-running this script phase.\necho \"SUCCESS\" > \"${SCRIPT_OUTPUT_FILE_0}\"\n";
			showEnvVarsInLog = 0;
		};
/* End PBXShellScriptBuildPhase section */

/* Begin PBXSourcesBuildPhase section */
		BBD47202253E516F00D48BDA /* Sources */ = {
			isa = PBXSourcesBuildPhase;
			buildActionMask = 2147483647;
			files = (
				BBD4720A253E516F00D48BDA /* AppDelegate.swift in Sources */,
				BBD4720C253E516F00D48BDA /* SceneDelegate.swift in Sources */,
				BBD47241253E62AE00D48BDA /* MovieCell.swift in Sources */,
				BBD4723A253E549600D48BDA /* MovieViewController.swift in Sources */,
			);
			runOnlyForDeploymentPostprocessing = 0;
		};
		BBD47218253E517600D48BDA /* Sources */ = {
			isa = PBXSourcesBuildPhase;
			buildActionMask = 2147483647;
			files = (
				BBD47221253E517600D48BDA /* flixTests.swift in Sources */,
			);
			runOnlyForDeploymentPostprocessing = 0;
		};
		BBD47223253E517600D48BDA /* Sources */ = {
			isa = PBXSourcesBuildPhase;
			buildActionMask = 2147483647;
			files = (
				BBD4722C253E517600D48BDA /* flixUITests.swift in Sources */,
			);
			runOnlyForDeploymentPostprocessing = 0;
		};
/* End PBXSourcesBuildPhase section */

/* Begin PBXTargetDependency section */
		BBD4721E253E517600D48BDA /* PBXTargetDependency */ = {
			isa = PBXTargetDependency;
			target = BBD47205253E516F00D48BDA /* flix */;
			targetProxy = BBD4721D253E517600D48BDA /* PBXContainerItemProxy */;
		};
		BBD47229253E517600D48BDA /* PBXTargetDependency */ = {
			isa = PBXTargetDependency;
			target = BBD47205253E516F00D48BDA /* flix */;
			targetProxy = BBD47228253E517600D48BDA /* PBXContainerItemProxy */;
		};
/* End PBXTargetDependency section */

/* Begin PBXVariantGroup section */
		BBD47214253E517600D48BDA /* LaunchScreen.storyboard */ = {
			isa = PBXVariantGroup;
			children = (
				BBD47215253E517600D48BDA /* Base */,
			);
			name = LaunchScreen.storyboard;
			sourceTree = "<group>";
		};
		BBD4723B253E57BB00D48BDA /* Main.storyboard */ = {
			isa = PBXVariantGroup;
			children = (
				BBD4723C253E57BB00D48BDA /* Base */,
			);
			name = Main.storyboard;
			sourceTree = "<group>";
		};
/* End PBXVariantGroup section */

/* Begin XCBuildConfiguration section */
		BBD4722E253E517600D48BDA /* Debug */ = {
			isa = XCBuildConfiguration;
			buildSettings = {
				ALWAYS_SEARCH_USER_PATHS = NO;
				CLANG_ANALYZER_NONNULL = YES;
				CLANG_ANALYZER_NUMBER_OBJECT_CONVERSION = YES_AGGRESSIVE;
				CLANG_CXX_LANGUAGE_STANDARD = "gnu++14";
				CLANG_CXX_LIBRARY = "libc++";
				CLANG_ENABLE_MODULES = YES;
				CLANG_ENABLE_OBJC_ARC = YES;
				CLANG_ENABLE_OBJC_WEAK = YES;
				CLANG_WARN_BLOCK_CAPTURE_AUTORELEASING = YES;
				CLANG_WARN_BOOL_CONVERSION = YES;
				CLANG_WARN_COMMA = YES;
				CLANG_WARN_CONSTANT_CONVERSION = YES;
				CLANG_WARN_DEPRECATED_OBJC_IMPLEMENTATIONS = YES;
				CLANG_WARN_DIRECT_OBJC_ISA_USAGE = YES_ERROR;
				CLANG_WARN_DOCUMENTATION_COMMENTS = YES;
				CLANG_WARN_EMPTY_BODY = YES;
				CLANG_WARN_ENUM_CONVERSION = YES;
				CLANG_WARN_INFINITE_RECURSION = YES;
				CLANG_WARN_INT_CONVERSION = YES;
				CLANG_WARN_NON_LITERAL_NULL_CONVERSION = YES;
				CLANG_WARN_OBJC_IMPLICIT_RETAIN_SELF = YES;
				CLANG_WARN_OBJC_LITERAL_CONVERSION = YES;
				CLANG_WARN_OBJC_ROOT_CLASS = YES_ERROR;
				CLANG_WARN_RANGE_LOOP_ANALYSIS = YES;
				CLANG_WARN_STRICT_PROTOTYPES = YES;
				CLANG_WARN_SUSPICIOUS_MOVE = YES;
				CLANG_WARN_UNGUARDED_AVAILABILITY = YES_AGGRESSIVE;
				CLANG_WARN_UNREACHABLE_CODE = YES;
				CLANG_WARN__DUPLICATE_METHOD_MATCH = YES;
				COPY_PHASE_STRIP = NO;
				DEBUG_INFORMATION_FORMAT = dwarf;
				ENABLE_STRICT_OBJC_MSGSEND = YES;
				ENABLE_TESTABILITY = YES;
				GCC_C_LANGUAGE_STANDARD = gnu11;
				GCC_DYNAMIC_NO_PIC = NO;
				GCC_NO_COMMON_BLOCKS = YES;
				GCC_OPTIMIZATION_LEVEL = 0;
				GCC_PREPROCESSOR_DEFINITIONS = (
					"DEBUG=1",
					"$(inherited)",
				);
				GCC_WARN_64_TO_32_BIT_CONVERSION = YES;
				GCC_WARN_ABOUT_RETURN_TYPE = YES_ERROR;
				GCC_WARN_UNDECLARED_SELECTOR = YES;
				GCC_WARN_UNINITIALIZED_AUTOS = YES_AGGRESSIVE;
				GCC_WARN_UNUSED_FUNCTION = YES;
				GCC_WARN_UNUSED_VARIABLE = YES;
				IPHONEOS_DEPLOYMENT_TARGET = 13.7;
				MTL_ENABLE_DEBUG_INFO = INCLUDE_SOURCE;
				MTL_FAST_MATH = YES;
				ONLY_ACTIVE_ARCH = YES;
				SDKROOT = iphoneos;
				SWIFT_ACTIVE_COMPILATION_CONDITIONS = DEBUG;
				SWIFT_OPTIMIZATION_LEVEL = "-Onone";
			};
			name = Debug;
		};
		BBD4722F253E517600D48BDA /* Release */ = {
			isa = XCBuildConfiguration;
			buildSettings = {
				ALWAYS_SEARCH_USER_PATHS = NO;
				CLANG_ANALYZER_NONNULL = YES;
				CLANG_ANALYZER_NUMBER_OBJECT_CONVERSION = YES_AGGRESSIVE;
				CLANG_CXX_LANGUAGE_STANDARD = "gnu++14";
				CLANG_CXX_LIBRARY = "libc++";
				CLANG_ENABLE_MODULES = YES;
				CLANG_ENABLE_OBJC_ARC = YES;
				CLANG_ENABLE_OBJC_WEAK = YES;
				CLANG_WARN_BLOCK_CAPTURE_AUTORELEASING = YES;
				CLANG_WARN_BOOL_CONVERSION = YES;
				CLANG_WARN_COMMA = YES;
				CLANG_WARN_CONSTANT_CONVERSION = YES;
				CLANG_WARN_DEPRECATED_OBJC_IMPLEMENTATIONS = YES;
				CLANG_WARN_DIRECT_OBJC_ISA_USAGE = YES_ERROR;
				CLANG_WARN_DOCUMENTATION_COMMENTS = YES;
				CLANG_WARN_EMPTY_BODY = YES;
				CLANG_WARN_ENUM_CONVERSION = YES;
				CLANG_WARN_INFINITE_RECURSION = YES;
				CLANG_WARN_INT_CONVERSION = YES;
				CLANG_WARN_NON_LITERAL_NULL_CONVERSION = YES;
				CLANG_WARN_OBJC_IMPLICIT_RETAIN_SELF = YES;
				CLANG_WARN_OBJC_LITERAL_CONVERSION = YES;
				CLANG_WARN_OBJC_ROOT_CLASS = YES_ERROR;
				CLANG_WARN_RANGE_LOOP_ANALYSIS = YES;
				CLANG_WARN_STRICT_PROTOTYPES = YES;
				CLANG_WARN_SUSPICIOUS_MOVE = YES;
				CLANG_WARN_UNGUARDED_AVAILABILITY = YES_AGGRESSIVE;
				CLANG_WARN_UNREACHABLE_CODE = YES;
				CLANG_WARN__DUPLICATE_METHOD_MATCH = YES;
				COPY_PHASE_STRIP = NO;
				DEBUG_INFORMATION_FORMAT = "dwarf-with-dsym";
				ENABLE_NS_ASSERTIONS = NO;
				ENABLE_STRICT_OBJC_MSGSEND = YES;
				GCC_C_LANGUAGE_STANDARD = gnu11;
				GCC_NO_COMMON_BLOCKS = YES;
				GCC_WARN_64_TO_32_BIT_CONVERSION = YES;
				GCC_WARN_ABOUT_RETURN_TYPE = YES_ERROR;
				GCC_WARN_UNDECLARED_SELECTOR = YES;
				GCC_WARN_UNINITIALIZED_AUTOS = YES_AGGRESSIVE;
				GCC_WARN_UNUSED_FUNCTION = YES;
				GCC_WARN_UNUSED_VARIABLE = YES;
				IPHONEOS_DEPLOYMENT_TARGET = 13.7;
				MTL_ENABLE_DEBUG_INFO = NO;
				MTL_FAST_MATH = YES;
				SDKROOT = iphoneos;
				SWIFT_COMPILATION_MODE = wholemodule;
				SWIFT_OPTIMIZATION_LEVEL = "-O";
				VALIDATE_PRODUCT = YES;
			};
			name = Release;
		};
		BBD47231253E517600D48BDA /* Debug */ = {
			isa = XCBuildConfiguration;
			baseConfigurationReference = 681FDCD3C2E74AE0881B8FA5 /* Pods-flix.debug.xcconfig */;
			buildSettings = {
				ASSETCATALOG_COMPILER_APPICON_NAME = AppIcon;
				CODE_SIGN_STYLE = Automatic;
				INFOPLIST_FILE = flix/Info.plist;
				LD_RUNPATH_SEARCH_PATHS = (
					"$(inherited)",
					"@executable_path/Frameworks",
				);
				PRODUCT_BUNDLE_IDENTIFIER = "Eric-Nguyen.flix";
				PRODUCT_NAME = "$(TARGET_NAME)";
				SWIFT_VERSION = 5.0;
				TARGETED_DEVICE_FAMILY = "1,2";
			};
			name = Debug;
		};
		BBD47232253E517600D48BDA /* Release */ = {
			isa = XCBuildConfiguration;
			baseConfigurationReference = 910AACD790B479C130C6001F /* Pods-flix.release.xcconfig */;
			buildSettings = {
				ASSETCATALOG_COMPILER_APPICON_NAME = AppIcon;
				CODE_SIGN_STYLE = Automatic;
				INFOPLIST_FILE = flix/Info.plist;
				LD_RUNPATH_SEARCH_PATHS = (
					"$(inherited)",
					"@executable_path/Frameworks",
				);
				PRODUCT_BUNDLE_IDENTIFIER = "Eric-Nguyen.flix";
				PRODUCT_NAME = "$(TARGET_NAME)";
				SWIFT_VERSION = 5.0;
				TARGETED_DEVICE_FAMILY = "1,2";
			};
			name = Release;
		};
		BBD47234253E517600D48BDA /* Debug */ = {
			isa = XCBuildConfiguration;
			baseConfigurationReference = 5F65B522527AE8C0898C37EF /* Pods-flixTests.debug.xcconfig */;
			buildSettings = {
				ALWAYS_EMBED_SWIFT_STANDARD_LIBRARIES = YES;
				BUNDLE_LOADER = "$(TEST_HOST)";
				CODE_SIGN_STYLE = Automatic;
				INFOPLIST_FILE = flixTests/Info.plist;
				IPHONEOS_DEPLOYMENT_TARGET = 13.7;
				LD_RUNPATH_SEARCH_PATHS = (
					"$(inherited)",
					"@executable_path/Frameworks",
					"@loader_path/Frameworks",
				);
				PRODUCT_BUNDLE_IDENTIFIER = "Eric-Nguyen.flixTests";
				PRODUCT_NAME = "$(TARGET_NAME)";
				SWIFT_VERSION = 5.0;
				TARGETED_DEVICE_FAMILY = "1,2";
				TEST_HOST = "$(BUILT_PRODUCTS_DIR)/flix.app/flix";
			};
			name = Debug;
		};
		BBD47235253E517600D48BDA /* Release */ = {
			isa = XCBuildConfiguration;
			baseConfigurationReference = 1B2873ED90A6D42FB15AB54A /* Pods-flixTests.release.xcconfig */;
			buildSettings = {
				ALWAYS_EMBED_SWIFT_STANDARD_LIBRARIES = YES;
				BUNDLE_LOADER = "$(TEST_HOST)";
				CODE_SIGN_STYLE = Automatic;
				INFOPLIST_FILE = flixTests/Info.plist;
				IPHONEOS_DEPLOYMENT_TARGET = 13.7;
				LD_RUNPATH_SEARCH_PATHS = (
					"$(inherited)",
					"@executable_path/Frameworks",
					"@loader_path/Frameworks",
				);
				PRODUCT_BUNDLE_IDENTIFIER = "Eric-Nguyen.flixTests";
				PRODUCT_NAME = "$(TARGET_NAME)";
				SWIFT_VERSION = 5.0;
				TARGETED_DEVICE_FAMILY = "1,2";
				TEST_HOST = "$(BUILT_PRODUCTS_DIR)/flix.app/flix";
			};
			name = Release;
		};
		BBD47237253E517600D48BDA /* Debug */ = {
			isa = XCBuildConfiguration;
			baseConfigurationReference = 2357099AF03BB5A5BA4DEC11 /* Pods-flix-flixUITests.debug.xcconfig */;
			buildSettings = {
				ALWAYS_EMBED_SWIFT_STANDARD_LIBRARIES = YES;
				CODE_SIGN_STYLE = Automatic;
				INFOPLIST_FILE = flixUITests/Info.plist;
				LD_RUNPATH_SEARCH_PATHS = (
					"$(inherited)",
					"@executable_path/Frameworks",
					"@loader_path/Frameworks",
				);
				PRODUCT_BUNDLE_IDENTIFIER = "Eric-Nguyen.flixUITests";
				PRODUCT_NAME = "$(TARGET_NAME)";
				SWIFT_VERSION = 5.0;
				TARGETED_DEVICE_FAMILY = "1,2";
				TEST_TARGET_NAME = flix;
			};
			name = Debug;
		};
		BBD47238253E517600D48BDA /* Release */ = {
			isa = XCBuildConfiguration;
			baseConfigurationReference = 43752566189F35FC14F06CA3 /* Pods-flix-flixUITests.release.xcconfig */;
			buildSettings = {
				ALWAYS_EMBED_SWIFT_STANDARD_LIBRARIES = YES;
				CODE_SIGN_STYLE = Automatic;
				INFOPLIST_FILE = flixUITests/Info.plist;
				LD_RUNPATH_SEARCH_PATHS = (
					"$(inherited)",
					"@executable_path/Frameworks",
					"@loader_path/Frameworks",
				);
				PRODUCT_BUNDLE_IDENTIFIER = "Eric-Nguyen.flixUITests";
				PRODUCT_NAME = "$(TARGET_NAME)";
				SWIFT_VERSION = 5.0;
				TARGETED_DEVICE_FAMILY = "1,2";
				TEST_TARGET_NAME = flix;
			};
			name = Release;
		};
/* End XCBuildConfiguration section */

/* Begin XCConfigurationList section */
		BBD47201253E516F00D48BDA /* Build configuration list for PBXProject "flix" */ = {
			isa = XCConfigurationList;
			buildConfigurations = (
				BBD4722E253E517600D48BDA /* Debug */,
				BBD4722F253E517600D48BDA /* Release */,
			);
			defaultConfigurationIsVisible = 0;
			defaultConfigurationName = Release;
		};
		BBD47230253E517600D48BDA /* Build configuration list for PBXNativeTarget "flix" */ = {
			isa = XCConfigurationList;
			buildConfigurations = (
				BBD47231253E517600D48BDA /* Debug */,
				BBD47232253E517600D48BDA /* Release */,
			);
			defaultConfigurationIsVisible = 0;
			defaultConfigurationName = Release;
		};
		BBD47233253E517600D48BDA /* Build configuration list for PBXNativeTarget "flixTests" */ = {
			isa = XCConfigurationList;
			buildConfigurations = (
				BBD47234253E517600D48BDA /* Debug */,
				BBD47235253E517600D48BDA /* Release */,
			);
			defaultConfigurationIsVisible = 0;
			defaultConfigurationName = Release;
		};
		BBD47236253E517600D48BDA /* Build configuration list for PBXNativeTarget "flixUITests" */ = {
			isa = XCConfigurationList;
			buildConfigurations = (
				BBD47237253E517600D48BDA /* Debug */,
				BBD47238253E517600D48BDA /* Release */,
			);
			defaultConfigurationIsVisible = 0;
			defaultConfigurationName = Release;
		};
/* End XCConfigurationList section */
	};
	rootObject = BBD471FE253E516F00D48BDA /* Project object */;
}
